<?xml version="1.0" encoding="utf-8"?>
<Project ToolsVersion="4.0" xmlns="http://schemas.microsoft.com/developer/msbuild/2003">
  <ItemGroup>
    <ClCompile Include="src\WinMain.cpp">
      <Filter>src</Filter>
    </ClCompile>
    <ClCompile Include="src\base\Window.cpp">
      <Filter>src\base</Filter>
    </ClCompile>
    <ClCompile Include="src\utils\WindowsMessageMap.cpp">
      <Filter>src\utils</Filter>
    </ClCompile>
    <ClCompile Include="src\utils\HookException.cpp">
      <Filter>src\utils</Filter>
    </ClCompile>
    <ClCompile Include="src\input\Keyboard.cpp">
      <Filter>src\input</Filter>
    </ClCompile>
    <ClCompile Include="src\input\Mouse.cpp">
      <Filter>src\input</Filter>
    </ClCompile>
    <ClCompile Include="src\App.cpp">
      <Filter>src</Filter>
    </ClCompile>
    <ClCompile Include="src\base\HookTimer.cpp">
      <Filter>src\base</Filter>
    </ClCompile>
    <ClCompile Include="thirdparty\imgui\imgui.cpp">
      <Filter>thirdparty\imgui</Filter>
    </ClCompile>
    <ClCompile Include="thirdparty\imgui\imgui_demo.cpp">
      <Filter>thirdparty\imgui</Filter>
    </ClCompile>
    <ClCompile Include="thirdparty\imgui\imgui_draw.cpp">
      <Filter>thirdparty\imgui</Filter>
    </ClCompile>
    <ClCompile Include="thirdparty\imgui\imgui_impl_dx11.cpp">
      <Filter>thirdparty\imgui</Filter>
    </ClCompile>
    <ClCompile Include="thirdparty\imgui\imgui_impl_win32.cpp">
      <Filter>thirdparty\imgui</Filter>
    </ClCompile>
    <ClCompile Include="thirdparty\imgui\imgui_tables.cpp">
      <Filter>thirdparty\imgui</Filter>
    </ClCompile>
    <ClCompile Include="thirdparty\imgui\imgui_widgets.cpp">
      <Filter>thirdparty\imgui</Filter>
    </ClCompile>
    <ClCompile Include="src\base\Graphics.cpp">
      <Filter>src\base</Filter>
    </ClCompile>
  </ItemGroup>
  <ItemGroup>
    <ClInclude Include="src\base\Window.h">
      <Filter>src\base</Filter>
    </ClInclude>
    <ClInclude Include="src\utils\resource.h">
      <Filter>src\utils</Filter>
    </ClInclude>
    <ClInclude Include="src\utils\SdkConfig.h">
      <Filter>src\utils</Filter>
    </ClInclude>
    <ClInclude Include="src\utils\WindowsMessageMap.h">
      <Filter>src\utils</Filter>
    </ClInclude>
    <ClInclude Include="src\utils\WindowsThrowMacros.h">
      <Filter>src\utils</Filter>
    </ClInclude>
    <ClInclude Include="src\utils\HookException.h">
      <Filter>src\utils</Filter>
    </ClInclude>
    <ClInclude Include="src\input\Keyboard.h">
      <Filter>src\input</Filter>
    </ClInclude>
    <ClInclude Include="src\input\Mouse.h">
      <Filter>src\input</Filter>
    </ClInclude>
    <ClInclude Include="src\App.h">
      <Filter>src</Filter>
    </ClInclude>
    <ClInclude Include="src\base\HookTimer.h">
      <Filter>src\base</Filter>
    </ClInclude>
    <ClInclude Include="thirdparty\imgui\imconfig.h">
      <Filter>thirdparty\imgui</Filter>
    </ClInclude>
    <ClInclude Include="thirdparty\imgui\imgui.h">
      <Filter>thirdparty\imgui</Filter>
    </ClInclude>
    <ClInclude Include="thirdparty\imgui\imgui_impl_dx11.h">
      <Filter>thirdparty\imgui</Filter>
    </ClInclude>
    <ClInclude Include="thirdparty\imgui\imgui_impl_win32.h">
      <Filter>thirdparty\imgui</Filter>
    </ClInclude>
    <ClInclude Include="thirdparty\imgui\imgui_internal.h">
      <Filter>thirdparty\imgui</Filter>
    </ClInclude>
    <ClInclude Include="thirdparty\imgui\imguiThemes.h">
      <Filter>thirdparty\imgui</Filter>
    </ClInclude>
    <ClInclude Include="thirdparty\imgui\imstb_rectpack.h">
      <Filter>thirdparty\imgui</Filter>
    </ClInclude>
    <ClInclude Include="thirdparty\imgui\imstb_textedit.h">
      <Filter>thirdparty\imgui</Filter>
    </ClInclude>
    <ClInclude Include="thirdparty\imgui\imstb_truetype.h">
      <Filter>thirdparty\imgui</Filter>
    </ClInclude>
    <ClInclude Include="src\base\Graphics.h">
      <Filter>src\base</Filter>
    </ClInclude>
    <ClInclude Include="src\utils\WrhConfig.h">
      <Filter>src\utils</Filter>
    </ClInclude>
  </ItemGroup>
  <ItemGroup>
    <Filter Include="src">
      <UniqueIdentifier>{0c350f31-7803-4d65-8dae-1a53d7cddb3a}</UniqueIdentifier>
    </Filter>
    <Filter Include="src\base">
      <UniqueIdentifier>{f6f2e6cb-358f-44c3-8797-a7a79fa13e06}</UniqueIdentifier>
    </Filter>
    <Filter Include="src\utils">
      <UniqueIdentifier>{85c3f676-f4a2-425b-8441-ada5f4e12a4f}</UniqueIdentifier>
    </Filter>
    <Filter Include="src\input">
      <UniqueIdentifier>{9e3e3aa8-3eee-4a72-afd9-fe27f96c0550}</UniqueIdentifier>
    </Filter>
    <Filter Include="thirdparty">
      <UniqueIdentifier>{2c65535c-433e-4e21-b8c8-a46481b76807}</UniqueIdentifier>
    </Filter>
    <Filter Include="thirdparty\imgui">
      <UniqueIdentifier>{67ed7d27-29ba-4106-9c4d-2f81741514f1}</UniqueIdentifier>
    </Filter>
    <Filter Include="src\render">
      <UniqueIdentifier>{ce886b36-b37e-46c8-b605-0b0184198db6}</UniqueIdentifier>
    </Filter>
    <Filter Include="src\shaders">
      <UniqueIdentifier>{aa44972c-c85d-49c4-9983-e7c56e725b7a}</UniqueIdentifier>
    </Filter>
  </ItemGroup>
  <ItemGroup>
    <FxCompile Include="src\shaders\VertexShader.hlsl">
      <Filter>src\shaders</Filter>
    </FxCompile>
    <FxCompile Include="src\shaders\PixelShader.hlsl">
      <Filter>src\shaders</Filter>
    </FxCompile>
    <FxCompile Include="src\shaders\CubeVertexShader.hlsl">
      <Filter>src\shaders</Filter>
    </FxCompile>
    <FxCompile Include="src\shaders\CubePixelShader.hlsl">
      <Filter>src\shaders</Filter>
    </FxCompile>
    <FxCompile Include="src\shaders\PureCubePixelShader.hlsl">
      <Filter>src\shaders</Filter>
    </FxCompile>
    <FxCompile Include="src\shaders\PureCubeVertexShader.hlsl">
      <Filter>src\shaders</Filter>
    </FxCompile>
  </ItemGroup>
</Project>